{
  "name": "eslint-config-nuxt3",
  "version": "0.1.0",
  "lockfileVersion": 3,
  "requires": true,
  "packages": {
    "": {
      "version": "0.1.0",
      "license": "MIT",
      "workspaces": [
        "packages/*"
      ]
    },
    "packages/eslint-config-nuxt3-typescript": {
      "extraneous": true
    }
  }
}
